
Microsoft Visual Studio Solution File, Format Version 12.00
# Visual Studio 2013
VisualStudioVersion = 12.0.31101.0
MinimumVisualStudioVersion = 10.0.40219.1
Project("{581633EB-B896-402F-8E60-36F3DA191C85}") = "MedStory", "MedStory\MedStory.lsxtproj", "{01A12F20-EFD8-4BB5-9856-1A518396DB25}"
EndProject
Project("{FAE04EC0-301F-11D3-BF4B-00C04F79EFBC}") = "MedStory.Server", "MedStory\MedStory.Server\MedStory.Server.csproj", "{92D313F2-2FD8-4D69-9E04-41FC74641091}"
EndProject
Project("{FAE04EC0-301F-11D3-BF4B-00C04F79EFBC}") = "MedStory.DesktopClient", "MedStory\MedStory.DesktopClient\MedStory.DesktopClient.csproj", "{27EADF77-D0D4-467C-9232-6F7A9E360149}"
EndProject
Global
	GlobalSection(SolutionConfigurationPlatforms) = preSolution
		Debug|Any CPU = Debug|Any CPU
		Release|Any CPU = Release|Any CPU
	EndGlobalSection
	GlobalSection(ProjectConfigurationPlatforms) = postSolution
		{01A12F20-EFD8-4BB5-9856-1A518396DB25}.Debug|Any CPU.ActiveCfg = Debug|Any CPU
		{01A12F20-EFD8-4BB5-9856-1A518396DB25}.Debug|Any CPU.Build.0 = Debug|Any CPU
		{01A12F20-EFD8-4BB5-9856-1A518396DB25}.Release|Any CPU.ActiveCfg = Release|Any CPU
		{01A12F20-EFD8-4BB5-9856-1A518396DB25}.Release|Any CPU.Build.0 = Release|Any CPU
		{92D313F2-2FD8-4D69-9E04-41FC74641091}.Debug|Any CPU.ActiveCfg = Debug|Any CPU
		{92D313F2-2FD8-4D69-9E04-41FC74641091}.Debug|Any CPU.Build.0 = Debug|Any CPU
		{92D313F2-2FD8-4D69-9E04-41FC74641091}.Release|Any CPU.ActiveCfg = Release|Any CPU
		{92D313F2-2FD8-4D69-9E04-41FC74641091}.Release|Any CPU.Build.0 = Release|Any CPU
		{27EADF77-D0D4-467C-9232-6F7A9E360149}.Debug|Any CPU.ActiveCfg = Debug|Any CPU
		{27EADF77-D0D4-467C-9232-6F7A9E360149}.Debug|Any CPU.Build.0 = Debug|Any CPU
		{27EADF77-D0D4-467C-9232-6F7A9E360149}.Release|Any CPU.ActiveCfg = Release|Any CPU
		{27EADF77-D0D4-467C-9232-6F7A9E360149}.Release|Any CPU.Build.0 = Release|Any CPU
	EndGlobalSection
	GlobalSection(SolutionProperties) = preSolution
		HideSolutionNode = FALSE
	EndGlobalSection
EndGlobal
